// !$*UTF8*$!
{
	archiveVersion = 1;
	classes = {
	};
	objectVersion = 46;
	objects = {

/* Begin PBXBuildFile section */
		64C4D3B41A8308A8007D2A85 /* main.m in Sources */ = {isa = PBXBuildFile; fileRef = 64C4D3B31A8308A8007D2A85 /* main.m */; };
		64C4D3B71A8308A8007D2A85 /* AppDelegate.m in Sources */ = {isa = PBXBuildFile; fileRef = 64C4D3B61A8308A8007D2A85 /* AppDelegate.m */; };
		64C4D3BA1A8308A8007D2A85 /* Home.m in Sources */ = {isa = PBXBuildFile; fileRef = 64C4D3B91A8308A8007D2A85 /* Home.m */; };
		64C4D3BD1A8308A8007D2A85 /* Main.storyboard in Resources */ = {isa = PBXBuildFile; fileRef = 64C4D3BB1A8308A8007D2A85 /* Main.storyboard */; };
		64C4D3BF1A8308A8007D2A85 /* Images.xcassets in Resources */ = {isa = PBXBuildFile; fileRef = 64C4D3BE1A8308A8007D2A85 /* Images.xcassets */; };
		64C4D3C21A8308A8007D2A85 /* LaunchScreen.xib in Resources */ = {isa = PBXBuildFile; fileRef = 64C4D3C01A8308A8007D2A85 /* LaunchScreen.xib */; };
		64C4D3CE1A8308A8007D2A85 /* Lab04PushGameTests.m in Sources */ = {isa = PBXBuildFile; fileRef = 64C4D3CD1A8308A8007D2A85 /* Lab04PushGameTests.m */; };
		64C4D3F31A8456CB007D2A85 /* Resultados.m in Sources */ = {isa = PBXBuildFile; fileRef = 64C4D3F21A8456CB007D2A85 /* Resultados.m */; };
		64C4D3F61A845BF4007D2A85 /* Customcell.m in Sources */ = {isa = PBXBuildFile; fileRef = 64C4D3F51A845BF4007D2A85 /* Customcell.m */; };
		64C4D3F91A845DD8007D2A85 /* DBManager.m in Sources */ = {isa = PBXBuildFile; fileRef = 64C4D3F81A845DD8007D2A85 /* DBManager.m */; };
		64C4D3FB1A846863007D2A85 /* libsqlite3.0.dylib in Frameworks */ = {isa = PBXBuildFile; fileRef = 64C4D3FA1A846863007D2A85 /* libsqlite3.0.dylib */; };
/* End PBXBuildFile section */

/* Begin PBXContainerItemProxy section */
		64C4D3C81A8308A8007D2A85 /* PBXContainerItemProxy */ = {
			isa = PBXContainerItemProxy;
			containerPortal = 64C4D3A61A8308A8007D2A85 /* Project object */;
			proxyType = 1;
			remoteGlobalIDString = 64C4D3AD1A8308A8007D2A85;
			remoteInfo = Lab04PushGame;
		};
/* End PBXContainerItemProxy section */

/* Begin PBXFileReference section */
		64C4D3AE1A8308A8007D2A85 /* Lab04PushGame.app */ = {isa = PBXFileReference; explicitFileType = wrapper.application; includeInIndex = 0; path = Lab04PushGame.app; sourceTree = BUILT_PRODUCTS_DIR; };
		64C4D3B21A8308A8007D2A85 /* Info.plist */ = {isa = PBXFileReference; lastKnownFileType = text.plist.xml; path = Info.plist; sourceTree = "<group>"; };
		64C4D3B31A8308A8007D2A85 /* main.m */ = {isa = PBXFileReference; lastKnownFileType = sourcecode.c.objc; path = main.m; sourceTree = "<group>"; };
		64C4D3B51A8308A8007D2A85 /* AppDelegate.h */ = {isa = PBXFileReference; lastKnownFileType = sourcecode.c.h; path = AppDelegate.h; sourceTree = "<group>"; };
		64C4D3B61A8308A8007D2A85 /* AppDelegate.m */ = {isa = PBXFileReference; lastKnownFileType = sourcecode.c.objc; path = AppDelegate.m; sourceTree = "<group>"; };
		64C4D3B81A8308A8007D2A85 /* Home.h */ = {isa = PBXFileReference; lastKnownFileType = sourcecode.c.h; path = Home.h; sourceTree = "<group>"; };
		64C4D3B91A8308A8007D2A85 /* Home.m */ = {isa = PBXFileReference; lastKnownFileType = sourcecode.c.objc; path = Home.m; sourceTree = "<group>"; };
		64C4D3BC1A8308A8007D2A85 /* Base */ = {isa = PBXFileReference; lastKnownFileType = file.storyboard; name = Base; path = Base.lproj/Main.storyboard; sourceTree = "<group>"; };
		64C4D3BE1A8308A8007D2A85 /* Images.xcassets */ = {isa = PBXFileReference; lastKnownFileType = folder.assetcatalog; path = Images.xcassets; sourceTree = "<group>"; };
		64C4D3C11A8308A8007D2A85 /* Base */ = {isa = PBXFileReference; lastKnownFileType = file.xib; name = Base; path = Base.lproj/LaunchScreen.xib; sourceTree = "<group>"; };
		64C4D3C71A8308A8007D2A85 /* Lab04PushGameTests.xctest */ = {isa = PBXFileReference; explicitFileType = wrapper.cfbundle; includeInIndex = 0; path = Lab04PushGameTests.xctest; sourceTree = BUILT_PRODUCTS_DIR; };
		64C4D3CC1A8308A8007D2A85 /* Info.plist */ = {isa = PBXFileReference; lastKnownFileType = text.plist.xml; path = Info.plist; sourceTree = "<group>"; };
		64C4D3CD1A8308A8007D2A85 /* Lab04PushGameTests.m */ = {isa = PBXFileReference; lastKnownFileType = sourcecode.c.objc; path = Lab04PushGameTests.m; sourceTree = "<group>"; };
		64C4D3F11A8456CB007D2A85 /* Resultados.h */ = {isa = PBXFileReference; fileEncoding = 4; lastKnownFileType = sourcecode.c.h; name = Resultados.h; path = Lab04PushGame/Resultados.h; sourceTree = "<group>"; };
		64C4D3F21A8456CB007D2A85 /* Resultados.m */ = {isa = PBXFileReference; fileEncoding = 4; lastKnownFileType = sourcecode.c.objc; name = Resultados.m; path = Lab04PushGame/Resultados.m; sourceTree = "<group>"; };
		64C4D3F41A845BF4007D2A85 /* Customcell.h */ = {isa = PBXFileReference; fileEncoding = 4; lastKnownFileType = sourcecode.c.h; name = Customcell.h; path = Lab04PushGame/Customcell.h; sourceTree = "<group>"; };
		64C4D3F51A845BF4007D2A85 /* Customcell.m */ = {isa = PBXFileReference; fileEncoding = 4; lastKnownFileType = sourcecode.c.objc; name = Customcell.m; path = Lab04PushGame/Customcell.m; sourceTree = "<group>"; };
		64C4D3F71A845DD8007D2A85 /* DBManager.h */ = {isa = PBXFileReference; fileEncoding = 4; lastKnownFileType = sourcecode.c.h; name = DBManager.h; path = Lab04PushGame/DBManager.h; sourceTree = "<group>"; };
		64C4D3F81A845DD8007D2A85 /* DBManager.m */ = {isa = PBXFileReference; fileEncoding = 4; lastKnownFileType = sourcecode.c.objc; name = DBManager.m; path = Lab04PushGame/DBManager.m; sourceTree = "<group>"; };
		64C4D3FA1A846863007D2A85 /* libsqlite3.0.dylib */ = {isa = PBXFileReference; lastKnownFileType = "compiled.mach-o.dylib"; name = libsqlite3.0.dylib; path = usr/lib/libsqlite3.0.dylib; sourceTree = SDKROOT; };
/* End PBXFileReference section */

/* Begin PBXFrameworksBuildPhase section */
		64C4D3AB1A8308A8007D2A85 /* Frameworks */ = {
			isa = PBXFrameworksBuildPhase;
			buildActionMask = 2147483647;
			files = (
				64C4D3FB1A846863007D2A85 /* libsqlite3.0.dylib in Frameworks */,
			);
			runOnlyForDeploymentPostprocessing = 0;
		};
		64C4D3C41A8308A8007D2A85 /* Frameworks */ = {
			isa = PBXFrameworksBuildPhase;
			buildActionMask = 2147483647;
			files = (
			);
			runOnlyForDeploymentPostprocessing = 0;
		};
/* End PBXFrameworksBuildPhase section */

/* Begin PBXGroup section */
		64C4D3A51A8308A8007D2A85 = {
			isa = PBXGroup;
			children = (
				64C4D3FA1A846863007D2A85 /* libsqlite3.0.dylib */,
				64C4D3F71A845DD8007D2A85 /* DBManager.h */,
				64C4D3F81A845DD8007D2A85 /* DBManager.m */,
				64C4D3F41A845BF4007D2A85 /* Customcell.h */,
				64C4D3F51A845BF4007D2A85 /* Customcell.m */,
				64C4D3F11A8456CB007D2A85 /* Resultados.h */,
				64C4D3F21A8456CB007D2A85 /* Resultados.m */,
				64C4D3B01A8308A8007D2A85 /* Lab04PushGame */,
				64C4D3CA1A8308A8007D2A85 /* Lab04PushGameTests */,
				64C4D3AF1A8308A8007D2A85 /* Products */,
			);
			sourceTree = "<group>";
		};
		64C4D3AF1A8308A8007D2A85 /* Products */ = {
			isa = PBXGroup;
			children = (
				64C4D3AE1A8308A8007D2A85 /* Lab04PushGame.app */,
				64C4D3C71A8308A8007D2A85 /* Lab04PushGameTests.xctest */,
			);
			name = Products;
			sourceTree = "<group>";
		};
		64C4D3B01A8308A8007D2A85 /* Lab04PushGame */ = {
			isa = PBXGroup;
			children = (
				64C4D3B51A8308A8007D2A85 /* AppDelegate.h */,
				64C4D3B61A8308A8007D2A85 /* AppDelegate.m */,
				64C4D3B81A8308A8007D2A85 /* Home.h */,
				64C4D3B91A8308A8007D2A85 /* Home.m */,
				64C4D3BB1A8308A8007D2A85 /* Main.storyboard */,
				64C4D3BE1A8308A8007D2A85 /* Images.xcassets */,
				64C4D3C01A8308A8007D2A85 /* LaunchScreen.xib */,
				64C4D3B11A8308A8007D2A85 /* Supporting Files */,
			);
			path = Lab04PushGame;
			sourceTree = "<group>";
		};
		64C4D3B11A8308A8007D2A85 /* Supporting Files */ = {
			isa = PBXGroup;
			children = (
				64C4D3B21A8308A8007D2A85 /* Info.plist */,
				64C4D3B31A8308A8007D2A85 /* main.m */,
			);
			name = "Supporting Files";
			sourceTree = "<group>";
		};
		64C4D3CA1A8308A8007D2A85 /* Lab04PushGameTests */ = {
			isa = PBXGroup;
			children = (
				64C4D3CD1A8308A8007D2A85 /* Lab04PushGameTests.m */,
				64C4D3CB1A8308A8007D2A85 /* Supporting Files */,
			);
			path = Lab04PushGameTests;
			sourceTree = "<group>";
		};
		64C4D3CB1A8308A8007D2A85 /* Supporting Files */ = {
			isa = PBXGroup;
			children = (
				64C4D3CC1A8308A8007D2A85 /* Info.plist */,
			);
			name = "Supporting Files";
			sourceTree = "<group>";
		};
/* End PBXGroup section */

/* Begin PBXNativeTarget section */
		64C4D3AD1A8308A8007D2A85 /* Lab04PushGame */ = {
			isa = PBXNativeTarget;
			buildConfigurationList = 64C4D3D11A8308A8007D2A85 /* Build configuration list for PBXNativeTarget "Lab04PushGame" */;
			buildPhases = (
				64C4D3AA1A8308A8007D2A85 /* Sources */,
				64C4D3AB1A8308A8007D2A85 /* Frameworks */,
				64C4D3AC1A8308A8007D2A85 /* Resources */,
			);
			buildRules = (
			);
			dependencies = (
			);
			name = Lab04PushGame;
			productName = Lab04PushGame;
			productReference = 64C4D3AE1A8308A8007D2A85 /* Lab04PushGame.app */;
			productType = "com.apple.product-type.application";
		};
		64C4D3C61A8308A8007D2A85 /* Lab04PushGameTests */ = {
			isa = PBXNativeTarget;
			buildConfigurationList = 64C4D3D41A8308A8007D2A85 /* Build configuration list for PBXNativeTarget "Lab04PushGameTests" */;
			buildPhases = (
				64C4D3C31A8308A8007D2A85 /* Sources */,
				64C4D3C41A8308A8007D2A85 /* Frameworks */,
				64C4D3C51A8308A8007D2A85 /* Resources */,
			);
			buildRules = (
			);
			dependencies = (
				64C4D3C91A8308A8007D2A85 /* PBXTargetDependency */,
			);
			name = Lab04PushGameTests;
			productName = Lab04PushGameTests;
			productReference = 64C4D3C71A8308A8007D2A85 /* Lab04PushGameTests.xctest */;
			productType = "com.apple.product-type.bundle.unit-test";
		};
/* End PBXNativeTarget section */

/* Begin PBXProject section */
		64C4D3A61A8308A8007D2A85 /* Project object */ = {
			isa = PBXProject;
			attributes = {
				LastUpgradeCheck = 0610;
				ORGANIZATIONNAME = BTICs;
				TargetAttributes = {
					64C4D3AD1A8308A8007D2A85 = {
						CreatedOnToolsVersion = 6.1.1;
					};
					64C4D3C61A8308A8007D2A85 = {
						CreatedOnToolsVersion = 6.1.1;
						TestTargetID = 64C4D3AD1A8308A8007D2A85;
					};
				};
			};
			buildConfigurationList = 64C4D3A91A8308A8007D2A85 /* Build configuration list for PBXProject "Lab04PushGame" */;
			compatibilityVersion = "Xcode 3.2";
			developmentRegion = English;
			hasScannedForEncodings = 0;
			knownRegions = (
				en,
				Base,
			);
			mainGroup = 64C4D3A51A8308A8007D2A85;
			productRefGroup = 64C4D3AF1A8308A8007D2A85 /* Products */;
			projectDirPath = "";
			projectRoot = "";
			targets = (
				64C4D3AD1A8308A8007D2A85 /* Lab04PushGame */,
				64C4D3C61A8308A8007D2A85 /* Lab04PushGameTests */,
			);
		};
/* End PBXProject section */

/* Begin PBXResourcesBuildPhase section */
		64C4D3AC1A8308A8007D2A85 /* Resources */ = {
			isa = PBXResourcesBuildPhase;
			buildActionMask = 2147483647;
			files = (
				64C4D3BD1A8308A8007D2A85 /* Main.storyboard in Resources */,
				64C4D3C21A8308A8007D2A85 /* LaunchScreen.xib in Resources */,
				64C4D3BF1A8308A8007D2A85 /* Images.xcassets in Resources */,
			);
			runOnlyForDeploymentPostprocessing = 0;
		};
		64C4D3C51A8308A8007D2A85 /* Resources */ = {
			isa = PBXResourcesBuildPhase;
			buildActionMask = 2147483647;
			files = (
			);
			runOnlyForDeploymentPostprocessing = 0;
		};
/* End PBXResourcesBuildPhase section */

/* Begin PBXSourcesBuildPhase section */
		64C4D3AA1A8308A8007D2A85 /* Sources */ = {
			isa = PBXSourcesBuildPhase;
			buildActionMask = 2147483647;
			files = (
				64C4D3BA1A8308A8007D2A85 /* Home.m in Sources */,
				64C4D3F31A8456CB007D2A85 /* Resultados.m in Sources */,
				64C4D3B71A8308A8007D2A85 /* AppDelegate.m in Sources */,
				64C4D3F91A845DD8007D2A85 /* DBManager.m in Sources */,
				64C4D3B41A8308A8007D2A85 /* main.m in Sources */,
				64C4D3F61A845BF4007D2A85 /* Customcell.m in Sources */,
			);
			runOnlyForDeploymentPostprocessing = 0;
		};
		64C4D3C31A8308A8007D2A85 /* Sources */ = {
			isa = PBXSourcesBuildPhase;
			buildActionMask = 2147483647;
			files = (
				64C4D3CE1A8308A8007D2A85 /* Lab04PushGameTests.m in Sources */,
			);
			runOnlyForDeploymentPostprocessing = 0;
		};
/* End PBXSourcesBuildPhase section */

/* Begin PBXTargetDependency section */
		64C4D3C91A8308A8007D2A85 /* PBXTargetDependency */ = {
			isa = PBXTargetDependency;
			target = 64C4D3AD1A8308A8007D2A85 /* Lab04PushGame */;
			targetProxy = 64C4D3C81A8308A8007D2A85 /* PBXContainerItemProxy */;
		};
/* End PBXTargetDependency section */

/* Begin PBXVariantGroup section */
		64C4D3BB1A8308A8007D2A85 /* Main.storyboard */ = {
			isa = PBXVariantGroup;
			children = (
				64C4D3BC1A8308A8007D2A85 /* Base */,
			);
			name = Main.storyboard;
			sourceTree = "<group>";
		};
		64C4D3C01A8308A8007D2A85 /* LaunchScreen.xib */ = {
			isa = PBXVariantGroup;
			children = (
				64C4D3C11A8308A8007D2A85 /* Base */,
			);
			name = LaunchScreen.xib;
			sourceTree = "<group>";
		};
/* End PBXVariantGroup section */

/* Begin XCBuildConfiguration section */
		64C4D3CF1A8308A8007D2A85 /* Debug */ = {
			isa = XCBuildConfiguration;
			buildSettings = {
				ALWAYS_SEARCH_USER_PATHS = NO;
				CLANG_CXX_LANGUAGE_STANDARD = "gnu++0x";
				CLANG_CXX_LIBRARY = "libc++";
				CLANG_ENABLE_MODULES = YES;
				CLANG_ENABLE_OBJC_ARC = YES;
				CLANG_WARN_BOOL_CONVERSION = YES;
				CLANG_WARN_CONSTANT_CONVERSION = YES;
				CLANG_WARN_DIRECT_OBJC_ISA_USAGE = YES_ERROR;
				CLANG_WARN_EMPTY_BODY = YES;
				CLANG_WARN_ENUM_CONVERSION = YES;
				CLANG_WARN_INT_CONVERSION = YES;
				CLANG_WARN_OBJC_ROOT_CLASS = YES_ERROR;
				CLANG_WARN_UNREACHABLE_CODE = YES;
				CLANG_WARN__DUPLICATE_METHOD_MATCH = YES;
				"CODE_SIGN_IDENTITY[sdk=iphoneos*]" = "iPhone Developer";
				COPY_PHASE_STRIP = NO;
				ENABLE_STRICT_OBJC_MSGSEND = YES;
				GCC_C_LANGUAGE_STANDARD = gnu99;
				GCC_DYNAMIC_NO_PIC = NO;
				GCC_OPTIMIZATION_LEVEL = 0;
				GCC_PREPROCESSOR_DEFINITIONS = (
					"DEBUG=1",
					"$(inherited)",
				);
				GCC_SYMBOLS_PRIVATE_EXTERN = NO;
				GCC_WARN_64_TO_32_BIT_CONVERSION = YES;
				GCC_WARN_ABOUT_RETURN_TYPE = YES_ERROR;
				GCC_WARN_UNDECLARED_SELECTOR = YES;
				GCC_WARN_UNINITIALIZED_AUTOS = YES_AGGRESSIVE;
				GCC_WARN_UNUSED_FUNCTION = YES;
				GCC_WARN_UNUSED_VARIABLE = YES;
				IPHONEOS_DEPLOYMENT_TARGET = 8.1;
				MTL_ENABLE_DEBUG_INFO = YES;
				ONLY_ACTIVE_ARCH = YES;
				SDKROOT = iphoneos;
			};
			name = Debug;
		};
		64C4D3D01A8308A8007D2A85 /* Release */ = {
			isa = XCBuildConfiguration;
			buildSettings = {
				ALWAYS_SEARCH_USER_PATHS = NO;
				CLANG_CXX_LANGUAGE_STANDARD = "gnu++0x";
				CLANG_CXX_LIBRARY = "libc++";
				CLANG_ENABLE_MODULES = YES;
				CLANG_ENABLE_OBJC_ARC = YES;
				CLANG_WARN_BOOL_CONVERSION = YES;
				CLANG_WARN_CONSTANT_CONVERSION = YES;
				CLANG_WARN_DIRECT_OBJC_ISA_USAGE = YES_ERROR;
				CLANG_WARN_EMPTY_BODY = YES;
				CLANG_WARN_ENUM_CONVERSION = YES;
				CLANG_WARN_INT_CONVERSION = YES;
				CLANG_WARN_OBJC_ROOT_CLASS = YES_ERROR;
				CLANG_WARN_UNREACHABLE_CODE = YES;
				CLANG_WARN__DUPLICATE_METHOD_MATCH = YES;
				"CODE_SIGN_IDENTITY[sdk=iphoneos*]" = "iPhone Developer";
				COPY_PHASE_STRIP = YES;
				ENABLE_NS_ASSERTIONS = NO;
				ENABLE_STRICT_OBJC_MSGSEND = YES;
				GCC_C_LANGUAGE_STANDARD = gnu99;
				GCC_WARN_64_TO_32_BIT_CONVERSION = YES;
				GCC_WARN_ABOUT_RETURN_TYPE = YES_ERROR;
				GCC_WARN_UNDECLARED_SELECTOR = YES;
				GCC_WARN_UNINITIALIZED_AUTOS = YES_AGGRESSIVE;
				GCC_WARN_UNUSED_FUNCTION = YES;
				GCC_WARN_UNUSED_VARIABLE = YES;
				IPHONEOS_DEPLOYMENT_TARGET = 8.1;
				MTL_ENABLE_DEBUG_INFO = NO;
				SDKROOT = iphoneos;
				VALIDATE_PRODUCT = YES;
			};
			name = Release;
		};
		64C4D3D21A8308A8007D2A85 /* Debug */ = {
			isa = XCBuildConfiguration;
			buildSettings = {
				ASSETCATALOG_COMPILER_APPICON_NAME = AppIcon;
				INFOPLIST_FILE = Lab04PushGame/Info.plist;
				LD_RUNPATH_SEARCH_PATHS = "$(inherited) @executable_path/Frameworks";
				PRODUCT_NAME = "$(TARGET_NAME)";
			};
			name = Debug;
		};
		64C4D3D31A8308A8007D2A85 /* Release */ = {
			isa = XCBuildConfiguration;
			buildSettings = {
				ASSETCATALOG_COMPILER_APPICON_NAME = AppIcon;
				INFOPLIST_FILE = Lab04PushGame/Info.plist;
				LD_RUNPATH_SEARCH_PATHS = "$(inherited) @executable_path/Frameworks";
				PRODUCT_NAME = "$(TARGET_NAME)";
			};
			name = Release;
		};
		64C4D3D51A8308A8007D2A85 /* Debug */ = {
			isa = XCBuildConfiguration;
			buildSettings = {
				BUNDLE_LOADER = "$(TEST_HOST)";
				FRAMEWORK_SEARCH_PATHS = (
					"$(SDKROOT)/Developer/Library/Frameworks",
					"$(inherited)",
				);
				GCC_PREPROCESSOR_DEFINITIONS = (
					"DEBUG=1",
					"$(inherited)",
				);
				INFOPLIST_FILE = Lab04PushGameTests/Info.plist;
				LD_RUNPATH_SEARCH_PATHS = "$(inherited) @executable_path/Frameworks @loader_path/Frameworks";
				PRODUCT_NAME = "$(TARGET_NAME)";
				TEST_HOST = "$(BUILT_PRODUCTS_DIR)/Lab04PushGame.app/Lab04PushGame";
			};
			name = Debug;
		};
		64C4D3D61A8308A8007D2A85 /* Release */ = {
			isa = XCBuildConfiguration;
			buildSettings = {
				BUNDLE_LOADER = "$(TEST_HOST)";
				FRAMEWORK_SEARCH_PATHS = (
					"$(SDKROOT)/Developer/Library/Frameworks",
					"$(inherited)",
				);
				INFOPLIST_FILE = Lab04PushGameTests/Info.plist;
				LD_RUNPATH_SEARCH_PATHS = "$(inherited) @executable_path/Frameworks @loader_path/Frameworks";
				PRODUCT_NAME = "$(TARGET_NAME)";
				TEST_HOST = "$(BUILT_PRODUCTS_DIR)/Lab04PushGame.app/Lab04PushGame";
			};
			name = Release;
		};
/* End XCBuildConfiguration section */

/* Begin XCConfigurationList section */
		64C4D3A91A8308A8007D2A85 /* Build configuration list for PBXProject "Lab04PushGame" */ = {
			isa = XCConfigurationList;
			buildConfigurations = (
				64C4D3CF1A8308A8007D2A85 /* Debug */,
				64C4D3D01A8308A8007D2A85 /* Release */,
			);
			defaultConfigurationIsVisible = 0;
			defaultConfigurationName = Release;
		};
		64C4D3D11A8308A8007D2A85 /* Build configuration list for PBXNativeTarget "Lab04PushGame" */ = {
			isa = XCConfigurationList;
			buildConfigurations = (
				64C4D3D21A8308A8007D2A85 /* Debug */,
				64C4D3D31A8308A8007D2A85 /* Release */,
			);
			defaultConfigurationIsVisible = 0;
			defaultConfigurationName = Release;
		};
		64C4D3D41A8308A8007D2A85 /* Build configuration list for PBXNativeTarget "Lab04PushGameTests" */ = {
			isa = XCConfigurationList;
			buildConfigurations = (
				64C4D3D51A8308A8007D2A85 /* Debug */,
				64C4D3D61A8308A8007D2A85 /* Release */,
			);
			defaultConfigurationIsVisible = 0;
			defaultConfigurationName = Release;
		};
/* End XCConfigurationList section */
	};
	rootObject = 64C4D3A61A8308A8007D2A85 /* Project object */;
}
